{
  "name": "db",
  "version": "1.0.0",
  "lockfileVersion": 1,
  "requires": true,
  "dependencies": {
    "async": {
      "version": "0.2.10",
      "resolved": "https://registry.npmjs.org/async/-/async-0.2.10.tgz",
      "integrity": "sha1-trvgsGdLnXGXCMo43owjfLUmw9E="
    },
    "cli-color": {
      "version": "0.2.3",
      "resolved": "https://registry.npmjs.org/cli-color/-/cli-color-0.2.3.tgz",
      "integrity": "sha1-CiXOrlpqFgK+f3fShWPDZwAnTog=",
      "requires": {
        "es5-ext": "~0.9.2",
        "memoizee": "~0.2.5"
      }
    },
    "es5-ext": {
      "version": "0.9.2",
      "resolved": "https://registry.npmjs.org/es5-ext/-/es5-ext-0.9.2.tgz",
      "integrity": "sha1-0uMJ0fIjsHGGSINaz1uII6gGH4o="
    },
    "event-emitter": {
      "version": "0.2.2",
      "resolved": "https://registry.npmjs.org/event-emitter/-/event-emitter-0.2.2.tgz",
      "integrity": "sha1-yB43JOtVQHxaDV7jKZQR9wD1QpE=",
      "requires": {
        "es5-ext": "~0.9.2"
      }
    },
    "inquirer": {
      "version": "0.2.3",
      "resolved": "https://registry.npmjs.org/inquirer/-/inquirer-0.2.3.tgz",
      "integrity": "sha1-lfR9E+H8Kx7axCfgf2Dcr7DcVaY=",
      "requires": {
        "async": "~0.2.8",
        "cli-color": "~0.2.2",
        "lodash": "~1.2.1",
        "mute-stream": "0.0.3"
      }
    },
    "lodash": {
      "version": "1.2.1",
      "resolved": "https://registry.npmjs.org/lodash/-/lodash-1.2.1.tgz",
      "integrity": "sha1-7UexbkbwaytAMJto6RY8F+k+owQ="
    },
    "memoizee": {
      "version": "0.2.6",
      "resolved": "https://registry.npmjs.org/memoizee/-/memoizee-0.2.6.tgz",
      "integrity": "sha1-u0WnrQJTAILxYSZx2rNSGc0uB0E=",
      "requires": {
        "es5-ext": "~0.9.2",
        "event-emitter": "~0.2.2",
        "next-tick": "0.1.x"
      }
    },
    "mute-stream": {
      "version": "0.0.3",
      "resolved": "https://registry.npmjs.org/mute-stream/-/mute-stream-0.0.3.tgz",
      "integrity": "sha1-8JwJDTM7MGP2Fcu8ynGzSYk/AVI="
    },
    "next-tick": {
      "version": "0.1.0",
      "resolved": "https://registry.npmjs.org/next-tick/-/next-tick-0.1.0.tgz",
      "integrity": "sha1-GRLM6OubaX1kD7upT48A3sO5Qlk="
    }
  }
}
